// !$*UTF8*$!
{
	archiveVersion = 1;
	classes = {
	};
	objectVersion = 55;
	objects = {

/* Begin PBXBuildFile section */
		9400D73E28053AAE00577F89 /* MVCViewTraffic.storyboard in Resources */ = {isa = PBXBuildFile; fileRef = 9400D73D28053AAE00577F89 /* MVCViewTraffic.storyboard */; };
		9400D74028053ADE00577F89 /* MVCViewController.swift in Sources */ = {isa = PBXBuildFile; fileRef = 9400D73F28053ADE00577F89 /* MVCViewController.swift */; };
		9419DD2A278D9A45004730AF /* AppDelegate.swift in Sources */ = {isa = PBXBuildFile; fileRef = 9419DD29278D9A45004730AF /* AppDelegate.swift */; };
		9419DD2C278D9A45004730AF /* SceneDelegate.swift in Sources */ = {isa = PBXBuildFile; fileRef = 9419DD2B278D9A45004730AF /* SceneDelegate.swift */; };
		9419DD2E278D9A45004730AF /* ViewController.swift in Sources */ = {isa = PBXBuildFile; fileRef = 9419DD2D278D9A45004730AF /* ViewController.swift */; };
		9419DD31278D9A45004730AF /* Main.storyboard in Resources */ = {isa = PBXBuildFile; fileRef = 9419DD2F278D9A45004730AF /* Main.storyboard */; };
		9419DD34278D9A45004730AF /* myapp.xcdatamodeld in Sources */ = {isa = PBXBuildFile; fileRef = 9419DD32278D9A45004730AF /* myapp.xcdatamodeld */; };
		9419DD36278D9A48004730AF /* Assets.xcassets in Resources */ = {isa = PBXBuildFile; fileRef = 9419DD35278D9A48004730AF /* Assets.xcassets */; };
		9419DD39278D9A48004730AF /* LaunchScreen.storyboard in Resources */ = {isa = PBXBuildFile; fileRef = 9419DD37278D9A48004730AF /* LaunchScreen.storyboard */; };
		9419DD44278D9A48004730AF /* myappTests.swift in Sources */ = {isa = PBXBuildFile; fileRef = 9419DD43278D9A48004730AF /* myappTests.swift */; };
		9419DD4E278D9A48004730AF /* myappUITests.swift in Sources */ = {isa = PBXBuildFile; fileRef = 9419DD4D278D9A48004730AF /* myappUITests.swift */; };
		9419DD50278D9A48004730AF /* myappUITestsLaunchTests.swift in Sources */ = {isa = PBXBuildFile; fileRef = 9419DD4F278D9A48004730AF /* myappUITestsLaunchTests.swift */; };
		942C90CB280581F2002CDDB1 /* MVP.storyboard in Resources */ = {isa = PBXBuildFile; fileRef = 942C90CA280581F2002CDDB1 /* MVP.storyboard */; };
		94960D75280813D200EE1431 /* Coordinator.swift in Sources */ = {isa = PBXBuildFile; fileRef = 94960D74280813D200EE1431 /* Coordinator.swift */; };
		94960D77280813EE00EE1431 /* AppCoordinator.swift in Sources */ = {isa = PBXBuildFile; fileRef = 94960D76280813EE00EE1431 /* AppCoordinator.swift */; };
		94960D792808145400EE1431 /* AuthenticationCoordinator.swift in Sources */ = {isa = PBXBuildFile; fileRef = 94960D782808145400EE1431 /* AuthenticationCoordinator.swift */; };
		94960D7B2808157900EE1431 /* SecondViewController.swift in Sources */ = {isa = PBXBuildFile; fileRef = 94960D7A2808157900EE1431 /* SecondViewController.swift */; };
		94960D7D2808211500EE1431 /* MVPCoordinator.swift in Sources */ = {isa = PBXBuildFile; fileRef = 94960D7C2808211500EE1431 /* MVPCoordinator.swift */; };
		94960D7F2808212500EE1431 /* MVCCordinator.swift in Sources */ = {isa = PBXBuildFile; fileRef = 94960D7E2808212500EE1431 /* MVCCordinator.swift */; };
		94960D83280829EE00EE1431 /* MainCoordinator.swift in Sources */ = {isa = PBXBuildFile; fileRef = 94960D82280829EE00EE1431 /* MainCoordinator.swift */; };
		9498CA8D2806904600EDA300 /* LoginModel.swift in Sources */ = {isa = PBXBuildFile; fileRef = 9498CA8C2806904600EDA300 /* LoginModel.swift */; };
		9498CA8F28069E1B00EDA300 /* SignUpPresenter.swift in Sources */ = {isa = PBXBuildFile; fileRef = 9498CA8E28069E1B00EDA300 /* SignUpPresenter.swift */; };
		9498CA9128069E4000EDA300 /* SignUpModel.swift in Sources */ = {isa = PBXBuildFile; fileRef = 9498CA9028069E4000EDA300 /* SignUpModel.swift */; };
		9498CA9328069F1700EDA300 /* MVPViewController.swift in Sources */ = {isa = PBXBuildFile; fileRef = 9498CA9228069F1700EDA300 /* MVPViewController.swift */; };
		9498CA982806C65400EDA300 /* MVVMLogin.storyboard in Resources */ = {isa = PBXBuildFile; fileRef = 9498CA972806C65400EDA300 /* MVVMLogin.storyboard */; };
		9498CA9B2806C6D400EDA300 /* UserModel.swift in Sources */ = {isa = PBXBuildFile; fileRef = 9498CA9A2806C6D400EDA300 /* UserModel.swift */; };
		9498CA9D2806C70800EDA300 /* AuthenticationVM.swift in Sources */ = {isa = PBXBuildFile; fileRef = 9498CA9C2806C70800EDA300 /* AuthenticationVM.swift */; };
		9498CA9F2806C94200EDA300 /* MVVMViewController.swift in Sources */ = {isa = PBXBuildFile; fileRef = 9498CA9E2806C94200EDA300 /* MVVMViewController.swift */; };
		94A7B4F2280577BA001CBC80 /* ArchitectureViewController.swift in Sources */ = {isa = PBXBuildFile; fileRef = 94A7B4F1280577BA001CBC80 /* ArchitectureViewController.swift */; };
		94A9E097280D73EB00225D41 /* BindingTextField.swift in Sources */ = {isa = PBXBuildFile; fileRef = 94A9E096280D73EB00225D41 /* BindingTextField.swift */; };
/* End PBXBuildFile section */

/* Begin PBXContainerItemProxy section */
		9419DD40278D9A48004730AF /* PBXContainerItemProxy */ = {
			isa = PBXContainerItemProxy;
			containerPortal = 9419DD1E278D9A45004730AF /* Project object */;
			proxyType = 1;
			remoteGlobalIDString = 9419DD25278D9A45004730AF;
			remoteInfo = myapp;
		};
		9419DD4A278D9A48004730AF /* PBXContainerItemProxy */ = {
			isa = PBXContainerItemProxy;
			containerPortal = 9419DD1E278D9A45004730AF /* Project object */;
			proxyType = 1;
			remoteGlobalIDString = 9419DD25278D9A45004730AF;
			remoteInfo = myapp;
		};
/* End PBXContainerItemProxy section */

/* Begin PBXFileReference section */
		9400D73D28053AAE00577F89 /* MVCViewTraffic.storyboard */ = {isa = PBXFileReference; lastKnownFileType = file.storyboard; path = MVCViewTraffic.storyboard; sourceTree = "<group>"; };
		9400D73F28053ADE00577F89 /* MVCViewController.swift */ = {isa = PBXFileReference; lastKnownFileType = sourcecode.swift; path = MVCViewController.swift; sourceTree = "<group>"; };
		9419DD26278D9A45004730AF /* myapp.app */ = {isa = PBXFileReference; explicitFileType = wrapper.application; includeInIndex = 0; path = myapp.app; sourceTree = BUILT_PRODUCTS_DIR; };
		9419DD29278D9A45004730AF /* AppDelegate.swift */ = {isa = PBXFileReference; lastKnownFileType = sourcecode.swift; path = AppDelegate.swift; sourceTree = "<group>"; };
		9419DD2B278D9A45004730AF /* SceneDelegate.swift */ = {isa = PBXFileReference; lastKnownFileType = sourcecode.swift; path = SceneDelegate.swift; sourceTree = "<group>"; };
		9419DD2D278D9A45004730AF /* ViewController.swift */ = {isa = PBXFileReference; lastKnownFileType = sourcecode.swift; path = ViewController.swift; sourceTree = "<group>"; };
		9419DD30278D9A45004730AF /* Base */ = {isa = PBXFileReference; lastKnownFileType = file.storyboard; name = Base; path = Base.lproj/Main.storyboard; sourceTree = "<group>"; };
		9419DD33278D9A45004730AF /* myapp.xcdatamodel */ = {isa = PBXFileReference; lastKnownFileType = wrapper.xcdatamodel; path = myapp.xcdatamodel; sourceTree = "<group>"; };
		9419DD35278D9A48004730AF /* Assets.xcassets */ = {isa = PBXFileReference; lastKnownFileType = folder.assetcatalog; path = Assets.xcassets; sourceTree = "<group>"; };
		9419DD38278D9A48004730AF /* Base */ = {isa = PBXFileReference; lastKnownFileType = file.storyboard; name = Base; path = Base.lproj/LaunchScreen.storyboard; sourceTree = "<group>"; };
		9419DD3A278D9A48004730AF /* Info.plist */ = {isa = PBXFileReference; lastKnownFileType = text.plist.xml; path = Info.plist; sourceTree = "<group>"; };
		9419DD3F278D9A48004730AF /* myappTests.xctest */ = {isa = PBXFileReference; explicitFileType = wrapper.cfbundle; includeInIndex = 0; path = myappTests.xctest; sourceTree = BUILT_PRODUCTS_DIR; };
		9419DD43278D9A48004730AF /* myappTests.swift */ = {isa = PBXFileReference; lastKnownFileType = sourcecode.swift; path = myappTests.swift; sourceTree = "<group>"; };
		9419DD49278D9A48004730AF /* myappUITests.xctest */ = {isa = PBXFileReference; explicitFileType = wrapper.cfbundle; includeInIndex = 0; path = myappUITests.xctest; sourceTree = BUILT_PRODUCTS_DIR; };
		9419DD4D278D9A48004730AF /* myappUITests.swift */ = {isa = PBXFileReference; lastKnownFileType = sourcecode.swift; path = myappUITests.swift; sourceTree = "<group>"; };
		9419DD4F278D9A48004730AF /* myappUITestsLaunchTests.swift */ = {isa = PBXFileReference; lastKnownFileType = sourcecode.swift; path = myappUITestsLaunchTests.swift; sourceTree = "<group>"; };
		942C90CA280581F2002CDDB1 /* MVP.storyboard */ = {isa = PBXFileReference; lastKnownFileType = file.storyboard; path = MVP.storyboard; sourceTree = "<group>"; };
		94960D74280813D200EE1431 /* Coordinator.swift */ = {isa = PBXFileReference; lastKnownFileType = sourcecode.swift; path = Coordinator.swift; sourceTree = "<group>"; };
		94960D76280813EE00EE1431 /* AppCoordinator.swift */ = {isa = PBXFileReference; lastKnownFileType = sourcecode.swift; path = AppCoordinator.swift; sourceTree = "<group>"; };
		94960D782808145400EE1431 /* AuthenticationCoordinator.swift */ = {isa = PBXFileReference; lastKnownFileType = sourcecode.swift; path = AuthenticationCoordinator.swift; sourceTree = "<group>"; };
		94960D7A2808157900EE1431 /* SecondViewController.swift */ = {isa = PBXFileReference; lastKnownFileType = sourcecode.swift; path = SecondViewController.swift; sourceTree = "<group>"; };
		94960D7C2808211500EE1431 /* MVPCoordinator.swift */ = {isa = PBXFileReference; lastKnownFileType = sourcecode.swift; path = MVPCoordinator.swift; sourceTree = "<group>"; };
		94960D7E2808212500EE1431 /* MVCCordinator.swift */ = {isa = PBXFileReference; lastKnownFileType = sourcecode.swift; path = MVCCordinator.swift; sourceTree = "<group>"; };
		94960D82280829EE00EE1431 /* MainCoordinator.swift */ = {isa = PBXFileReference; lastKnownFileType = sourcecode.swift; path = MainCoordinator.swift; sourceTree = "<group>"; };
		9498CA8C2806904600EDA300 /* LoginModel.swift */ = {isa = PBXFileReference; lastKnownFileType = sourcecode.swift; path = LoginModel.swift; sourceTree = "<group>"; };
		9498CA8E28069E1B00EDA300 /* SignUpPresenter.swift */ = {isa = PBXFileReference; lastKnownFileType = sourcecode.swift; path = SignUpPresenter.swift; sourceTree = "<group>"; };
		9498CA9028069E4000EDA300 /* SignUpModel.swift */ = {isa = PBXFileReference; lastKnownFileType = sourcecode.swift; path = SignUpModel.swift; sourceTree = "<group>"; };
		9498CA9228069F1700EDA300 /* MVPViewController.swift */ = {isa = PBXFileReference; lastKnownFileType = sourcecode.swift; path = MVPViewController.swift; sourceTree = "<group>"; };
		9498CA972806C65400EDA300 /* MVVMLogin.storyboard */ = {isa = PBXFileReference; lastKnownFileType = file.storyboard; path = MVVMLogin.storyboard; sourceTree = "<group>"; };
		9498CA9A2806C6D400EDA300 /* UserModel.swift */ = {isa = PBXFileReference; lastKnownFileType = sourcecode.swift; path = UserModel.swift; sourceTree = "<group>"; };
		9498CA9C2806C70800EDA300 /* AuthenticationVM.swift */ = {isa = PBXFileReference; lastKnownFileType = sourcecode.swift; path = AuthenticationVM.swift; sourceTree = "<group>"; };
		9498CA9E2806C94200EDA300 /* MVVMViewController.swift */ = {isa = PBXFileReference; lastKnownFileType = sourcecode.swift; path = MVVMViewController.swift; sourceTree = "<group>"; };
		94A7B4F1280577BA001CBC80 /* ArchitectureViewController.swift */ = {isa = PBXFileReference; lastKnownFileType = sourcecode.swift; path = ArchitectureViewController.swift; sourceTree = "<group>"; };
		94A9E096280D73EB00225D41 /* BindingTextField.swift */ = {isa = PBXFileReference; lastKnownFileType = sourcecode.swift; path = BindingTextField.swift; sourceTree = "<group>"; };
/* End PBXFileReference section */

/* Begin PBXFrameworksBuildPhase section */
		9419DD23278D9A45004730AF /* Frameworks */ = {
			isa = PBXFrameworksBuildPhase;
			buildActionMask = 2147483647;
			files = (
			);
			runOnlyForDeploymentPostprocessing = 0;
		};
		9419DD3C278D9A48004730AF /* Frameworks */ = {
			isa = PBXFrameworksBuildPhase;
			buildActionMask = 2147483647;
			files = (
			);
			runOnlyForDeploymentPostprocessing = 0;
		};
		9419DD46278D9A48004730AF /* Frameworks */ = {
			isa = PBXFrameworksBuildPhase;
			buildActionMask = 2147483647;
			files = (
			);
			runOnlyForDeploymentPostprocessing = 0;
		};
/* End PBXFrameworksBuildPhase section */

/* Begin PBXGroup section */
		9400D7382805392400577F89 /* Architecture */ = {
			isa = PBXGroup;
			children = (
				9412116F280846120049EA5C /* Coordinators */,
				9498CA942806C39F00EDA300 /* MVVM */,
				942C90C0280580F0002CDDB1 /* MVP */,
				9400D7392805393D00577F89 /* MVC */,
				94A7B4F1280577BA001CBC80 /* ArchitectureViewController.swift */,
			);
			path = Architecture;
			sourceTree = "<group>";
		};
		9400D7392805393D00577F89 /* MVC */ = {
			isa = PBXGroup;
			children = (
				9400D73C2805395F00577F89 /* Controllers */,
				9400D73B2805395600577F89 /* VIew */,
				9400D73A2805394D00577F89 /* Model */,
			);
			path = MVC;
			sourceTree = "<group>";
		};
		9400D73A2805394D00577F89 /* Model */ = {
			isa = PBXGroup;
			children = (
				9498CA8C2806904600EDA300 /* LoginModel.swift */,
			);
			path = Model;
			sourceTree = "<group>";
		};
		9400D73B2805395600577F89 /* VIew */ = {
			isa = PBXGroup;
			children = (
				9400D73D28053AAE00577F89 /* MVCViewTraffic.storyboard */,
			);
			path = VIew;
			sourceTree = "<group>";
		};
		9400D73C2805395F00577F89 /* Controllers */ = {
			isa = PBXGroup;
			children = (
				9400D73F28053ADE00577F89 /* MVCViewController.swift */,
			);
			path = Controllers;
			sourceTree = "<group>";
		};
		9412116F280846120049EA5C /* Coordinators */ = {
			isa = PBXGroup;
			children = (
				94960D7E2808212500EE1431 /* MVCCordinator.swift */,
				94960D782808145400EE1431 /* AuthenticationCoordinator.swift */,
				94960D82280829EE00EE1431 /* MainCoordinator.swift */,
				94960D76280813EE00EE1431 /* AppCoordinator.swift */,
				94960D74280813D200EE1431 /* Coordinator.swift */,
				94960D7C2808211500EE1431 /* MVPCoordinator.swift */,
			);
			path = Coordinators;
			sourceTree = "<group>";
		};
		9419DD1D278D9A45004730AF = {
			isa = PBXGroup;
			children = (
				9419DD28278D9A45004730AF /* myapp */,
				9419DD42278D9A48004730AF /* myappTests */,
				9419DD4C278D9A48004730AF /* myappUITests */,
				9419DD27278D9A45004730AF /* Products */,
			);
			sourceTree = "<group>";
		};
		9419DD27278D9A45004730AF /* Products */ = {
			isa = PBXGroup;
			children = (
				9419DD26278D9A45004730AF /* myapp.app */,
				9419DD3F278D9A48004730AF /* myappTests.xctest */,
				9419DD49278D9A48004730AF /* myappUITests.xctest */,
			);
			name = Products;
			sourceTree = "<group>";
		};
		9419DD28278D9A45004730AF /* myapp */ = {
			isa = PBXGroup;
			children = (
				9400D7382805392400577F89 /* Architecture */,
				9419DD29278D9A45004730AF /* AppDelegate.swift */,
				9419DD2B278D9A45004730AF /* SceneDelegate.swift */,
				9419DD2D278D9A45004730AF /* ViewController.swift */,
				9419DD2F278D9A45004730AF /* Main.storyboard */,
				9419DD35278D9A48004730AF /* Assets.xcassets */,
				9419DD37278D9A48004730AF /* LaunchScreen.storyboard */,
				9419DD3A278D9A48004730AF /* Info.plist */,
				9419DD32278D9A45004730AF /* myapp.xcdatamodeld */,
			);
			path = myapp;
			sourceTree = "<group>";
		};
		9419DD42278D9A48004730AF /* myappTests */ = {
			isa = PBXGroup;
			children = (
				9419DD43278D9A48004730AF /* myappTests.swift */,
			);
			path = myappTests;
			sourceTree = "<group>";
		};
		9419DD4C278D9A48004730AF /* myappUITests */ = {
			isa = PBXGroup;
			children = (
				9419DD4D278D9A48004730AF /* myappUITests.swift */,
				9419DD4F278D9A48004730AF /* myappUITestsLaunchTests.swift */,
			);
			path = myappUITests;
			sourceTree = "<group>";
		};
		942C90C0280580F0002CDDB1 /* MVP */ = {
			isa = PBXGroup;
			children = (
				942C90D42805A06D002CDDB1 /* Model */,
				942C90C32805810B002CDDB1 /* Presenter */,
				942C90C228058102002CDDB1 /* View */,
			);
			path = MVP;
			sourceTree = "<group>";
		};
		942C90C228058102002CDDB1 /* View */ = {
			isa = PBXGroup;
			children = (
				942C90CA280581F2002CDDB1 /* MVP.storyboard */,
				9498CA9228069F1700EDA300 /* MVPViewController.swift */,
			);
			path = View;
			sourceTree = "<group>";
		};
		942C90C32805810B002CDDB1 /* Presenter */ = {
			isa = PBXGroup;
			children = (
				9498CA8E28069E1B00EDA300 /* SignUpPresenter.swift */,
			);
			path = Presenter;
			sourceTree = "<group>";
		};
		942C90D42805A06D002CDDB1 /* Model */ = {
			isa = PBXGroup;
			children = (
				9498CA9028069E4000EDA300 /* SignUpModel.swift */,
			);
			path = Model;
			sourceTree = "<group>";
		};
		9498CA942806C39F00EDA300 /* MVVM */ = {
			isa = PBXGroup;
			children = (
				9498CA992806C6AF00EDA300 /* ViewModel */,
				9498CA962806C3B100EDA300 /* View */,
				9498CA952806C3A800EDA300 /* Model */,
			);
			path = MVVM;
			sourceTree = "<group>";
		};
		9498CA952806C3A800EDA300 /* Model */ = {
			isa = PBXGroup;
			children = (
				9498CA9A2806C6D400EDA300 /* UserModel.swift */,
			);
			path = Model;
			sourceTree = "<group>";
		};
		9498CA962806C3B100EDA300 /* View */ = {
			isa = PBXGroup;
			children = (
				9498CA972806C65400EDA300 /* MVVMLogin.storyboard */,
				9498CA9E2806C94200EDA300 /* MVVMViewController.swift */,
				94960D7A2808157900EE1431 /* SecondViewController.swift */,
				94A9E096280D73EB00225D41 /* BindingTextField.swift */,
			);
			path = View;
			sourceTree = "<group>";
		};
		9498CA992806C6AF00EDA300 /* ViewModel */ = {
			isa = PBXGroup;
			children = (
				9498CA9C2806C70800EDA300 /* AuthenticationVM.swift */,
			);
			path = ViewModel;
			sourceTree = "<group>";
		};
/* End PBXGroup section */

/* Begin PBXNativeTarget section */
		9419DD25278D9A45004730AF /* myapp */ = {
			isa = PBXNativeTarget;
			buildConfigurationList = 9419DD53278D9A48004730AF /* Build configuration list for PBXNativeTarget "myapp" */;
			buildPhases = (
				9419DD22278D9A45004730AF /* Sources */,
				9419DD23278D9A45004730AF /* Frameworks */,
				9419DD24278D9A45004730AF /* Resources */,
			);
			buildRules = (
			);
			dependencies = (
			);
			name = myapp;
			productName = myapp;
			productReference = 9419DD26278D9A45004730AF /* myapp.app */;
			productType = "com.apple.product-type.application";
		};
		9419DD3E278D9A48004730AF /* myappTests */ = {
			isa = PBXNativeTarget;
			buildConfigurationList = 9419DD56278D9A48004730AF /* Build configuration list for PBXNativeTarget "myappTests" */;
			buildPhases = (
				9419DD3B278D9A48004730AF /* Sources */,
				9419DD3C278D9A48004730AF /* Frameworks */,
				9419DD3D278D9A48004730AF /* Resources */,
			);
			buildRules = (
			);
			dependencies = (
				9419DD41278D9A48004730AF /* PBXTargetDependency */,
			);
			name = myappTests;
			productName = myappTests;
			productReference = 9419DD3F278D9A48004730AF /* myappTests.xctest */;
			productType = "com.apple.product-type.bundle.unit-test";
		};
		9419DD48278D9A48004730AF /* myappUITests */ = {
			isa = PBXNativeTarget;
			buildConfigurationList = 9419DD59278D9A48004730AF /* Build configuration list for PBXNativeTarget "myappUITests" */;
			buildPhases = (
				9419DD45278D9A48004730AF /* Sources */,
				9419DD46278D9A48004730AF /* Frameworks */,
				9419DD47278D9A48004730AF /* Resources */,
			);
			buildRules = (
			);
			dependencies = (
				9419DD4B278D9A48004730AF /* PBXTargetDependency */,
			);
			name = myappUITests;
			productName = myappUITests;
			productReference = 9419DD49278D9A48004730AF /* myappUITests.xctest */;
			productType = "com.apple.product-type.bundle.ui-testing";
		};
/* End PBXNativeTarget section */

/* Begin PBXProject section */
		9419DD1E278D9A45004730AF /* Project object */ = {
			isa = PBXProject;
			attributes = {
				BuildIndependentTargetsInParallel = 1;
				LastSwiftUpdateCheck = 1310;
				LastUpgradeCheck = 1310;
				TargetAttributes = {
					9419DD25278D9A45004730AF = {
						CreatedOnToolsVersion = 13.1;
					};
					9419DD3E278D9A48004730AF = {
						CreatedOnToolsVersion = 13.1;
						TestTargetID = 9419DD25278D9A45004730AF;
					};
					9419DD48278D9A48004730AF = {
						CreatedOnToolsVersion = 13.1;
						TestTargetID = 9419DD25278D9A45004730AF;
					};
				};
			};
			buildConfigurationList = 9419DD21278D9A45004730AF /* Build configuration list for PBXProject "myapp" */;
			compatibilityVersion = "Xcode 13.0";
			developmentRegion = en;
			hasScannedForEncodings = 0;
			knownRegions = (
				en,
				Base,
			);
			mainGroup = 9419DD1D278D9A45004730AF;
			productRefGroup = 9419DD27278D9A45004730AF /* Products */;
			projectDirPath = "";
			projectRoot = "";
			targets = (
				9419DD25278D9A45004730AF /* myapp */,
				9419DD3E278D9A48004730AF /* myappTests */,
				9419DD48278D9A48004730AF /* myappUITests */,
			);
		};
/* End PBXProject section */

/* Begin PBXResourcesBuildPhase section */
		9419DD24278D9A45004730AF /* Resources */ = {
			isa = PBXResourcesBuildPhase;
			buildActionMask = 2147483647;
			files = (
				9498CA982806C65400EDA300 /* MVVMLogin.storyboard in Resources */,
				942C90CB280581F2002CDDB1 /* MVP.storyboard in Resources */,
				9400D73E28053AAE00577F89 /* MVCViewTraffic.storyboard in Resources */,
				9419DD39278D9A48004730AF /* LaunchScreen.storyboard in Resources */,
				9419DD36278D9A48004730AF /* Assets.xcassets in Resources */,
				9419DD31278D9A45004730AF /* Main.storyboard in Resources */,
			);
			runOnlyForDeploymentPostprocessing = 0;
		};
		9419DD3D278D9A48004730AF /* Resources */ = {
			isa = PBXResourcesBuildPhase;
			buildActionMask = 2147483647;
			files = (
			);
			runOnlyForDeploymentPostprocessing = 0;
		};
		9419DD47278D9A48004730AF /* Resources */ = {
			isa = PBXResourcesBuildPhase;
			buildActionMask = 2147483647;
			files = (
			);
			runOnlyForDeploymentPostprocessing = 0;
		};
/* End PBXResourcesBuildPhase section */

/* Begin PBXSourcesBuildPhase section */
		9419DD22278D9A45004730AF /* Sources */ = {
			isa = PBXSourcesBuildPhase;
			buildActionMask = 2147483647;
			files = (
				9498CA9128069E4000EDA300 /* SignUpModel.swift in Sources */,
				94960D83280829EE00EE1431 /* MainCoordinator.swift in Sources */,
				9400D74028053ADE00577F89 /* MVCViewController.swift in Sources */,
				94960D75280813D200EE1431 /* Coordinator.swift in Sources */,
				94A7B4F2280577BA001CBC80 /* ArchitectureViewController.swift in Sources */,
				94960D77280813EE00EE1431 /* AppCoordinator.swift in Sources */,
				94960D7F2808212500EE1431 /* MVCCordinator.swift in Sources */,
				9419DD2E278D9A45004730AF /* ViewController.swift in Sources */,
				9498CA8F28069E1B00EDA300 /* SignUpPresenter.swift in Sources */,
				9498CA9D2806C70800EDA300 /* AuthenticationVM.swift in Sources */,
				9419DD34278D9A45004730AF /* myapp.xcdatamodeld in Sources */,
				9498CA8D2806904600EDA300 /* LoginModel.swift in Sources */,
				9498CA9B2806C6D400EDA300 /* UserModel.swift in Sources */,
				9419DD2A278D9A45004730AF /* AppDelegate.swift in Sources */,
				94960D7B2808157900EE1431 /* SecondViewController.swift in Sources */,
				9498CA9328069F1700EDA300 /* MVPViewController.swift in Sources */,
				9498CA9F2806C94200EDA300 /* MVVMViewController.swift in Sources */,
				94960D7D2808211500EE1431 /* MVPCoordinator.swift in Sources */,
				9419DD2C278D9A45004730AF /* SceneDelegate.swift in Sources */,
				94A9E097280D73EB00225D41 /* BindingTextField.swift in Sources */,
				94960D792808145400EE1431 /* AuthenticationCoordinator.swift in Sources */,
			);
			runOnlyForDeploymentPostprocessing = 0;
		};
		9419DD3B278D9A48004730AF /* Sources */ = {
			isa = PBXSourcesBuildPhase;
			buildActionMask = 2147483647;
			files = (
				9419DD44278D9A48004730AF /* myappTests.swift in Sources */,
			);
			runOnlyForDeploymentPostprocessing = 0;
		};
		9419DD45278D9A48004730AF /* Sources */ = {
			isa = PBXSourcesBuildPhase;
			buildActionMask = 2147483647;
			files = (
				9419DD50278D9A48004730AF /* myappUITestsLaunchTests.swift in Sources */,
				9419DD4E278D9A48004730AF /* myappUITests.swift in Sources */,
			);
			runOnlyForDeploymentPostprocessing = 0;
		};
/* End PBXSourcesBuildPhase section */

/* Begin PBXTargetDependency section */
		9419DD41278D9A48004730AF /* PBXTargetDependency */ = {
			isa = PBXTargetDependency;
			target = 9419DD25278D9A45004730AF /* myapp */;
			targetProxy = 9419DD40278D9A48004730AF /* PBXContainerItemProxy */;
		};
		9419DD4B278D9A48004730AF /* PBXTargetDependency */ = {
			isa = PBXTargetDependency;
			target = 9419DD25278D9A45004730AF /* myapp */;
			targetProxy = 9419DD4A278D9A48004730AF /* PBXContainerItemProxy */;
		};
/* End PBXTargetDependency section */

/* Begin PBXVariantGroup section */
		9419DD2F278D9A45004730AF /* Main.storyboard */ = {
			isa = PBXVariantGroup;
			children = (
				9419DD30278D9A45004730AF /* Base */,
			);
			name = Main.storyboard;
			sourceTree = "<group>";
		};
		9419DD37278D9A48004730AF /* LaunchScreen.storyboard */ = {
			isa = PBXVariantGroup;
			children = (
				9419DD38278D9A48004730AF /* Base */,
			);
			name = LaunchScreen.storyboard;
			sourceTree = "<group>";
		};
/* End PBXVariantGroup section */

/* Begin XCBuildConfiguration section */
		9419DD51278D9A48004730AF /* Debug */ = {
			isa = XCBuildConfiguration;
			buildSettings = {
				ALWAYS_SEARCH_USER_PATHS = NO;
				CLANG_ANALYZER_NONNULL = YES;
				CLANG_ANALYZER_NUMBER_OBJECT_CONVERSION = YES_AGGRESSIVE;
				CLANG_CXX_LANGUAGE_STANDARD = "gnu++17";
				CLANG_CXX_LIBRARY = "libc++";
				CLANG_ENABLE_MODULES = YES;
				CLANG_ENABLE_OBJC_ARC = YES;
				CLANG_ENABLE_OBJC_WEAK = YES;
				CLANG_WARN_BLOCK_CAPTURE_AUTORELEASING = YES;
				CLANG_WARN_BOOL_CONVERSION = YES;
				CLANG_WARN_COMMA = YES;
				CLANG_WARN_CONSTANT_CONVERSION = YES;
				CLANG_WARN_DEPRECATED_OBJC_IMPLEMENTATIONS = YES;
				CLANG_WARN_DIRECT_OBJC_ISA_USAGE = YES_ERROR;
				CLANG_WARN_DOCUMENTATION_COMMENTS = YES;
				CLANG_WARN_EMPTY_BODY = YES;
				CLANG_WARN_ENUM_CONVERSION = YES;
				CLANG_WARN_INFINITE_RECURSION = YES;
				CLANG_WARN_INT_CONVERSION = YES;
				CLANG_WARN_NON_LITERAL_NULL_CONVERSION = YES;
				CLANG_WARN_OBJC_IMPLICIT_RETAIN_SELF = YES;
				CLANG_WARN_OBJC_LITERAL_CONVERSION = YES;
				CLANG_WARN_OBJC_ROOT_CLASS = YES_ERROR;
				CLANG_WARN_QUOTED_INCLUDE_IN_FRAMEWORK_HEADER = YES;
				CLANG_WARN_RANGE_LOOP_ANALYSIS = YES;
				CLANG_WARN_STRICT_PROTOTYPES = YES;
				CLANG_WARN_SUSPICIOUS_MOVE = YES;
				CLANG_WARN_UNGUARDED_AVAILABILITY = YES_AGGRESSIVE;
				CLANG_WARN_UNREACHABLE_CODE = YES;
				CLANG_WARN__DUPLICATE_METHOD_MATCH = YES;
				COPY_PHASE_STRIP = NO;
				DEBUG_INFORMATION_FORMAT = dwarf;
				ENABLE_STRICT_OBJC_MSGSEND = YES;
				ENABLE_TESTABILITY = YES;
				GCC_C_LANGUAGE_STANDARD = gnu11;
				GCC_DYNAMIC_NO_PIC = NO;
				GCC_NO_COMMON_BLOCKS = YES;
				GCC_OPTIMIZATION_LEVEL = 0;
				GCC_PREPROCESSOR_DEFINITIONS = (
					"DEBUG=1",
					"$(inherited)",
				);
				GCC_WARN_64_TO_32_BIT_CONVERSION = YES;
				GCC_WARN_ABOUT_RETURN_TYPE = YES_ERROR;
				GCC_WARN_UNDECLARED_SELECTOR = YES;
				GCC_WARN_UNINITIALIZED_AUTOS = YES_AGGRESSIVE;
				GCC_WARN_UNUSED_FUNCTION = YES;
				GCC_WARN_UNUSED_VARIABLE = YES;
				IPHONEOS_DEPLOYMENT_TARGET = 15.0;
				MTL_ENABLE_DEBUG_INFO = INCLUDE_SOURCE;
				MTL_FAST_MATH = YES;
				ONLY_ACTIVE_ARCH = YES;
				SDKROOT = iphoneos;
				SWIFT_ACTIVE_COMPILATION_CONDITIONS = DEBUG;
				SWIFT_OPTIMIZATION_LEVEL = "-Onone";
			};
			name = Debug;
		};
		9419DD52278D9A48004730AF /* Release */ = {
			isa = XCBuildConfiguration;
			buildSettings = {
				ALWAYS_SEARCH_USER_PATHS = NO;
				CLANG_ANALYZER_NONNULL = YES;
				CLANG_ANALYZER_NUMBER_OBJECT_CONVERSION = YES_AGGRESSIVE;
				CLANG_CXX_LANGUAGE_STANDARD = "gnu++17";
				CLANG_CXX_LIBRARY = "libc++";
				CLANG_ENABLE_MODULES = YES;
				CLANG_ENABLE_OBJC_ARC = YES;
				CLANG_ENABLE_OBJC_WEAK = YES;
				CLANG_WARN_BLOCK_CAPTURE_AUTORELEASING = YES;
				CLANG_WARN_BOOL_CONVERSION = YES;
				CLANG_WARN_COMMA = YES;
				CLANG_WARN_CONSTANT_CONVERSION = YES;
				CLANG_WARN_DEPRECATED_OBJC_IMPLEMENTATIONS = YES;
				CLANG_WARN_DIRECT_OBJC_ISA_USAGE = YES_ERROR;
				CLANG_WARN_DOCUMENTATION_COMMENTS = YES;
				CLANG_WARN_EMPTY_BODY = YES;
				CLANG_WARN_ENUM_CONVERSION = YES;
				CLANG_WARN_INFINITE_RECURSION = YES;
				CLANG_WARN_INT_CONVERSION = YES;
				CLANG_WARN_NON_LITERAL_NULL_CONVERSION = YES;
				CLANG_WARN_OBJC_IMPLICIT_RETAIN_SELF = YES;
				CLANG_WARN_OBJC_LITERAL_CONVERSION = YES;
				CLANG_WARN_OBJC_ROOT_CLASS = YES_ERROR;
				CLANG_WARN_QUOTED_INCLUDE_IN_FRAMEWORK_HEADER = YES;
				CLANG_WARN_RANGE_LOOP_ANALYSIS = YES;
				CLANG_WARN_STRICT_PROTOTYPES = YES;
				CLANG_WARN_SUSPICIOUS_MOVE = YES;
				CLANG_WARN_UNGUARDED_AVAILABILITY = YES_AGGRESSIVE;
				CLANG_WARN_UNREACHABLE_CODE = YES;
				CLANG_WARN__DUPLICATE_METHOD_MATCH = YES;
				COPY_PHASE_STRIP = NO;
				DEBUG_INFORMATION_FORMAT = "dwarf-with-dsym";
				ENABLE_NS_ASSERTIONS = NO;
				ENABLE_STRICT_OBJC_MSGSEND = YES;
				GCC_C_LANGUAGE_STANDARD = gnu11;
				GCC_NO_COMMON_BLOCKS = YES;
				GCC_WARN_64_TO_32_BIT_CONVERSION = YES;
				GCC_WARN_ABOUT_RETURN_TYPE = YES_ERROR;
				GCC_WARN_UNDECLARED_SELECTOR = YES;
				GCC_WARN_UNINITIALIZED_AUTOS = YES_AGGRESSIVE;
				GCC_WARN_UNUSED_FUNCTION = YES;
				GCC_WARN_UNUSED_VARIABLE = YES;
				IPHONEOS_DEPLOYMENT_TARGET = 15.0;
				MTL_ENABLE_DEBUG_INFO = NO;
				MTL_FAST_MATH = YES;
				SDKROOT = iphoneos;
				SWIFT_COMPILATION_MODE = wholemodule;
				SWIFT_OPTIMIZATION_LEVEL = "-O";
				VALIDATE_PRODUCT = YES;
			};
			name = Release;
		};
		9419DD54278D9A48004730AF /* Debug */ = {
			isa = XCBuildConfiguration;
			buildSettings = {
				ASSETCATALOG_COMPILER_APPICON_NAME = AppIcon;
				ASSETCATALOG_COMPILER_GLOBAL_ACCENT_COLOR_NAME = AccentColor;
				CODE_SIGN_STYLE = Automatic;
				CURRENT_PROJECT_VERSION = 1;
				GENERATE_INFOPLIST_FILE = YES;
				INFOPLIST_FILE = myapp/Info.plist;
				INFOPLIST_KEY_UIApplicationSupportsIndirectInputEvents = YES;
				INFOPLIST_KEY_UILaunchStoryboardName = LaunchScreen;
				INFOPLIST_KEY_UIMainStoryboardFile = Main;
				INFOPLIST_KEY_UISupportedInterfaceOrientations_iPad = "UIInterfaceOrientationPortrait UIInterfaceOrientationPortraitUpsideDown UIInterfaceOrientationLandscapeLeft UIInterfaceOrientationLandscapeRight";
				INFOPLIST_KEY_UISupportedInterfaceOrientations_iPhone = "UIInterfaceOrientationPortrait UIInterfaceOrientationLandscapeLeft UIInterfaceOrientationLandscapeRight";
				LD_RUNPATH_SEARCH_PATHS = (
					"$(inherited)",
					"@executable_path/Frameworks",
				);
				MARKETING_VERSION = 1.0;
				PRODUCT_BUNDLE_IDENTIFIER = com.simform.myapp;
				PRODUCT_NAME = "$(TARGET_NAME)";
				SWIFT_EMIT_LOC_STRINGS = YES;
				SWIFT_VERSION = 5.0;
				TARGETED_DEVICE_FAMILY = "1,2";
			};
			name = Debug;
		};
		9419DD55278D9A48004730AF /* Release */ = {
			isa = XCBuildConfiguration;
			buildSettings = {
				ASSETCATALOG_COMPILER_APPICON_NAME = AppIcon;
				ASSETCATALOG_COMPILER_GLOBAL_ACCENT_COLOR_NAME = AccentColor;
				CODE_SIGN_STYLE = Automatic;
				CURRENT_PROJECT_VERSION = 1;
				GENERATE_INFOPLIST_FILE = YES;
				INFOPLIST_FILE = myapp/Info.plist;
				INFOPLIST_KEY_UIApplicationSupportsIndirectInputEvents = YES;
				INFOPLIST_KEY_UILaunchStoryboardName = LaunchScreen;
				INFOPLIST_KEY_UIMainStoryboardFile = Main;
				INFOPLIST_KEY_UISupportedInterfaceOrientations_iPad = "UIInterfaceOrientationPortrait UIInterfaceOrientationPortraitUpsideDown UIInterfaceOrientationLandscapeLeft UIInterfaceOrientationLandscapeRight";
				INFOPLIST_KEY_UISupportedInterfaceOrientations_iPhone = "UIInterfaceOrientationPortrait UIInterfaceOrientationLandscapeLeft UIInterfaceOrientationLandscapeRight";
				LD_RUNPATH_SEARCH_PATHS = (
					"$(inherited)",
					"@executable_path/Frameworks",
				);
				MARKETING_VERSION = 1.0;
				PRODUCT_BUNDLE_IDENTIFIER = com.simform.myapp;
				PRODUCT_NAME = "$(TARGET_NAME)";
				SWIFT_EMIT_LOC_STRINGS = YES;
				SWIFT_VERSION = 5.0;
				TARGETED_DEVICE_FAMILY = "1,2";
			};
			name = Release;
		};
		9419DD57278D9A48004730AF /* Debug */ = {
			isa = XCBuildConfiguration;
			buildSettings = {
				ALWAYS_EMBED_SWIFT_STANDARD_LIBRARIES = YES;
				BUNDLE_LOADER = "$(TEST_HOST)";
				CODE_SIGN_STYLE = Automatic;
				CURRENT_PROJECT_VERSION = 1;
				GENERATE_INFOPLIST_FILE = YES;
				IPHONEOS_DEPLOYMENT_TARGET = 15.0;
				LD_RUNPATH_SEARCH_PATHS = (
					"$(inherited)",
					"@executable_path/Frameworks",
					"@loader_path/Frameworks",
				);
				MARKETING_VERSION = 1.0;
				PRODUCT_BUNDLE_IDENTIFIER = com.simform.myappTests;
				PRODUCT_NAME = "$(TARGET_NAME)";
				SWIFT_EMIT_LOC_STRINGS = NO;
				SWIFT_VERSION = 5.0;
				TARGETED_DEVICE_FAMILY = "1,2";
				TEST_HOST = "$(BUILT_PRODUCTS_DIR)/myapp.app/myapp";
			};
			name = Debug;
		};
		9419DD58278D9A48004730AF /* Release */ = {
			isa = XCBuildConfiguration;
			buildSettings = {
				ALWAYS_EMBED_SWIFT_STANDARD_LIBRARIES = YES;
				BUNDLE_LOADER = "$(TEST_HOST)";
				CODE_SIGN_STYLE = Automatic;
				CURRENT_PROJECT_VERSION = 1;
				GENERATE_INFOPLIST_FILE = YES;
				IPHONEOS_DEPLOYMENT_TARGET = 15.0;
				LD_RUNPATH_SEARCH_PATHS = (
					"$(inherited)",
					"@executable_path/Frameworks",
					"@loader_path/Frameworks",
				);
				MARKETING_VERSION = 1.0;
				PRODUCT_BUNDLE_IDENTIFIER = com.simform.myappTests;
				PRODUCT_NAME = "$(TARGET_NAME)";
				SWIFT_EMIT_LOC_STRINGS = NO;
				SWIFT_VERSION = 5.0;
				TARGETED_DEVICE_FAMILY = "1,2";
				TEST_HOST = "$(BUILT_PRODUCTS_DIR)/myapp.app/myapp";
			};
			name = Release;
		};
		9419DD5A278D9A48004730AF /* Debug */ = {
			isa = XCBuildConfiguration;
			buildSettings = {
				ALWAYS_EMBED_SWIFT_STANDARD_LIBRARIES = YES;
				CODE_SIGN_STYLE = Automatic;
				CURRENT_PROJECT_VERSION = 1;
				GENERATE_INFOPLIST_FILE = YES;
				LD_RUNPATH_SEARCH_PATHS = (
					"$(inherited)",
					"@executable_path/Frameworks",
					"@loader_path/Frameworks",
				);
				MARKETING_VERSION = 1.0;
				PRODUCT_BUNDLE_IDENTIFIER = com.simform.myappUITests;
				PRODUCT_NAME = "$(TARGET_NAME)";
				SWIFT_EMIT_LOC_STRINGS = NO;
				SWIFT_VERSION = 5.0;
				TARGETED_DEVICE_FAMILY = "1,2";
				TEST_TARGET_NAME = myapp;
			};
			name = Debug;
		};
		9419DD5B278D9A48004730AF /* Release */ = {
			isa = XCBuildConfiguration;
			buildSettings = {
				ALWAYS_EMBED_SWIFT_STANDARD_LIBRARIES = YES;
				CODE_SIGN_STYLE = Automatic;
				CURRENT_PROJECT_VERSION = 1;
				GENERATE_INFOPLIST_FILE = YES;
				LD_RUNPATH_SEARCH_PATHS = (
					"$(inherited)",
					"@executable_path/Frameworks",
					"@loader_path/Frameworks",
				);
				MARKETING_VERSION = 1.0;
				PRODUCT_BUNDLE_IDENTIFIER = com.simform.myappUITests;
				PRODUCT_NAME = "$(TARGET_NAME)";
				SWIFT_EMIT_LOC_STRINGS = NO;
				SWIFT_VERSION = 5.0;
				TARGETED_DEVICE_FAMILY = "1,2";
				TEST_TARGET_NAME = myapp;
			};
			name = Release;
		};
/* End XCBuildConfiguration section */

/* Begin XCConfigurationList section */
		9419DD21278D9A45004730AF /* Build configuration list for PBXProject "myapp" */ = {
			isa = XCConfigurationList;
			buildConfigurations = (
				9419DD51278D9A48004730AF /* Debug */,
				9419DD52278D9A48004730AF /* Release */,
			);
			defaultConfigurationIsVisible = 0;
			defaultConfigurationName = Release;
		};
		9419DD53278D9A48004730AF /* Build configuration list for PBXNativeTarget "myapp" */ = {
			isa = XCConfigurationList;
			buildConfigurations = (
				9419DD54278D9A48004730AF /* Debug */,
				9419DD55278D9A48004730AF /* Release */,
			);
			defaultConfigurationIsVisible = 0;
			defaultConfigurationName = Release;
		};
		9419DD56278D9A48004730AF /* Build configuration list for PBXNativeTarget "myappTests" */ = {
			isa = XCConfigurationList;
			buildConfigurations = (
				9419DD57278D9A48004730AF /* Debug */,
				9419DD58278D9A48004730AF /* Release */,
			);
			defaultConfigurationIsVisible = 0;
			defaultConfigurationName = Release;
		};
		9419DD59278D9A48004730AF /* Build configuration list for PBXNativeTarget "myappUITests" */ = {
			isa = XCConfigurationList;
			buildConfigurations = (
				9419DD5A278D9A48004730AF /* Debug */,
				9419DD5B278D9A48004730AF /* Release */,
			);
			defaultConfigurationIsVisible = 0;
			defaultConfigurationName = Release;
		};
/* End XCConfigurationList section */

/* Begin XCVersionGroup section */
		9419DD32278D9A45004730AF /* myapp.xcdatamodeld */ = {
			isa = XCVersionGroup;
			children = (
				9419DD33278D9A45004730AF /* myapp.xcdatamodel */,
			);
			currentVersion = 9419DD33278D9A45004730AF /* myapp.xcdatamodel */;
			path = myapp.xcdatamodeld;
			sourceTree = "<group>";
			versionGroupType = wrapper.xcdatamodel;
		};
/* End XCVersionGroup section */
	};
	rootObject = 9419DD1E278D9A45004730AF /* Project object */;
}
